github.com/ehbello/talos/pkg/machinery v1.13.9-0.20260809162148-1c902078a4ab h1:39vU7Xmb49XE4ww/4wg2nYpI1ttgoh2Z26MCXISwZes=
github.com/ehbello/talos/pkg/machinery v1.13.9-0.20260809162148-1c902078a4ab/go.mod h1:2PtzQFjql5bg9YNp8gv1vARJT5rhmBUtoj1+fYXbLk8=
go.yaml.in/yaml/v4 v4.0.0-rc.4 h1:UP4+v6fFrBIb1l934bDl//mmnoIZEDK0idg1+AIvX5U=
go.yaml.in/yaml/v4 v4.0.0-rc.4/go.mod h1:aZqd9kCMsGL7AuUv/m/PvWLdg5sjJsZ4oHDEnfPPfY0=
golang.org/x/sys v0.45.0 h1:dO4czNzziLiiXplLQgBCEpCvXQ3dnkn0SdaZSYdQ+FY=
golang.org/x/sys v0.45.0/go.mod h1:4GL1E5IUh+htKOUEOaiffhrAeqysfVGipDYzABqnCmw=
